// !$*UTF8*$!
{
	archiveVersion = 1;
	classes = {
	};
	objectVersion = 56;
	objects = {

/* Begin PBXBuildFile section */
		650751C22B5E96CB00BB2098 /* pass.cpp in Sources */ = {isa = PBXBuildFile; fileRef = 650751C02B5E96CB00BB2098 /* pass.cpp */; };
		650751C52B5E973500BB2098 /* PassColor.cpp in Sources */ = {isa = PBXBuildFile; fileRef = 650751C32B5E973500BB2098 /* PassColor.cpp */; };
		650751C82B5EA62D00BB2098 /* PassTexture.cpp in Sources */ = {isa = PBXBuildFile; fileRef = 650751C62B5EA62D00BB2098 /* PassTexture.cpp */; };
		651EFBEC2B3F308C00620837 /* main.cpp in Sources */ = {isa = PBXBuildFile; fileRef = 651EFBEB2B3F308C00620837 /* main.cpp */; };
		651EFBF52B3F320900620837 /* libglfw.3.dylib in Frameworks */ = {isa = PBXBuildFile; fileRef = 651EFBF32B3F320900620837 /* libglfw.3.dylib */; };
		651EFBF62B3F320900620837 /* libglfw3.a in Frameworks */ = {isa = PBXBuildFile; fileRef = 651EFBF42B3F320900620837 /* libglfw3.a */; };
		651EFBF72B3F322800620837 /* libglfw.3.dylib in Embed Libraries */ = {isa = PBXBuildFile; fileRef = 651EFBF32B3F320900620837 /* libglfw.3.dylib */; settings = {ATTRIBUTES = (CodeSignOnCopy, ); }; };
		651EFBFA2B3F324000620837 /* glad.c in Sources */ = {isa = PBXBuildFile; fileRef = 651EFBF92B3F324000620837 /* glad.c */; };
		6581573D2B89E7FD00253663 /* matrix.cpp in Sources */ = {isa = PBXBuildFile; fileRef = 6581573B2B89E7FD00253663 /* matrix.cpp */; };
		658157682B922EA500253663 /* aabb.cpp in Sources */ = {isa = PBXBuildFile; fileRef = 658157662B922EA500253663 /* aabb.cpp */; };
		6581576D2B92F2D900253663 /* input.cpp in Sources */ = {isa = PBXBuildFile; fileRef = 6581576B2B92F2D900253663 /* input.cpp */; };
		6585AA962B944B2000841A5C /* math.cpp in Sources */ = {isa = PBXBuildFile; fileRef = 6585AA942B944B2000841A5C /* math.cpp */; };
		6595146B2BC1BF69004B97DB /* Sky.cpp in Sources */ = {isa = PBXBuildFile; fileRef = 659514692BC1BF69004B97DB /* Sky.cpp */; };
		65C3C0CC2B9DDCEB00ACB3F4 /* node.cpp in Sources */ = {isa = PBXBuildFile; fileRef = 65C3C0CA2B9DDCEA00ACB3F4 /* node.cpp */; };
		65D1BC9B2BA18B450031AB8C /* MemPool.cpp in Sources */ = {isa = PBXBuildFile; fileRef = 65D1BC992BA18B450031AB8C /* MemPool.cpp */; };
		65D475B62B42D355004AE289 /* shader.cpp in Sources */ = {isa = PBXBuildFile; fileRef = 65D475B42B42D355004AE289 /* shader.cpp */; };
		65D475BA2B42EFBB004AE289 /* image.cpp in Sources */ = {isa = PBXBuildFile; fileRef = 65D475B82B42EFBB004AE289 /* image.cpp */; };
		65F5CE302B9DADAD0011F599 /* ParticleSystem.cpp in Sources */ = {isa = PBXBuildFile; fileRef = 65F5CE2E2B9DADAD0011F599 /* ParticleSystem.cpp */; };
		65F5CE332B9DADC30011F599 /* particle.cpp in Sources */ = {isa = PBXBuildFile; fileRef = 65F5CE312B9DADC30011F599 /* particle.cpp */; };
		65F5CE362B9DADDB0011F599 /* emitter.cpp in Sources */ = {isa = PBXBuildFile; fileRef = 65F5CE342B9DADDB0011F599 /* emitter.cpp */; };
		65F5CE392B9DAE040011F599 /* affector.cpp in Sources */ = {isa = PBXBuildFile; fileRef = 65F5CE372B9DAE040011F599 /* affector.cpp */; };
		65FA241E2B623321006062DB /* Line.cpp in Sources */ = {isa = PBXBuildFile; fileRef = 65FA241C2B623321006062DB /* Line.cpp */; };
		65FA24222B623DE5006062DB /* scene.cpp in Sources */ = {isa = PBXBuildFile; fileRef = 65FA24202B623DE5006062DB /* scene.cpp */; };
		65FA24282B625981006062DB /* ImageRectangle.cpp in Sources */ = {isa = PBXBuildFile; fileRef = 65FA24262B625980006062DB /* ImageRectangle.cpp */; };
		65FD8F102B44588A00A06A38 /* camera.cpp in Sources */ = {isa = PBXBuildFile; fileRef = 65FD8F0E2B44588A00A06A38 /* camera.cpp */; };
		65FD8F1B2B45141E00A06A38 /* model.cpp in Sources */ = {isa = PBXBuildFile; fileRef = 65FD8F192B45141E00A06A38 /* model.cpp */; };
		65FD8F242B452BFC00A06A38 /* mesh.cpp in Sources */ = {isa = PBXBuildFile; fileRef = 65FD8F222B452BFC00A06A38 /* mesh.cpp */; };
		65FD8F252B453E1D00A06A38 /* libassimp.5.dylib in Frameworks */ = {isa = PBXBuildFile; fileRef = 65FD8F202B4525F000A06A38 /* libassimp.5.dylib */; };
		65FD8F262B453E1D00A06A38 /* libassimp.5.dylib in Embed Libraries */ = {isa = PBXBuildFile; fileRef = 65FD8F202B4525F000A06A38 /* libassimp.5.dylib */; settings = {ATTRIBUTES = (CodeSignOnCopy, ); }; };
/* End PBXBuildFile section */

/* Begin PBXCopyFilesBuildPhase section */
		651EFBE62B3F308C00620837 /* CopyFiles */ = {
			isa = PBXCopyFilesBuildPhase;
			buildActionMask = 2147483647;
			dstPath = /usr/share/man/man1/;
			dstSubfolderSpec = 0;
			files = (
			);
			runOnlyForDeploymentPostprocessing = 1;
		};
		651EFBF82B3F322800620837 /* Embed Libraries */ = {
			isa = PBXCopyFilesBuildPhase;
			buildActionMask = 2147483647;
			dstPath = "";
			dstSubfolderSpec = 10;
			files = (
				65FD8F262B453E1D00A06A38 /* libassimp.5.dylib in Embed Libraries */,
				651EFBF72B3F322800620837 /* libglfw.3.dylib in Embed Libraries */,
			);
			name = "Embed Libraries";
			runOnlyForDeploymentPostprocessing = 0;
		};
/* End PBXCopyFilesBuildPhase section */

/* Begin PBXFileReference section */
		650751962B5E8A4400BB2098 /* frag_model_color */ = {isa = PBXFileReference; lastKnownFileType = text; path = frag_model_color; sourceTree = "<group>"; };
		650751972B5E8A4400BB2098 /* vert_model_color */ = {isa = PBXFileReference; lastKnownFileType = text; path = vert_model_color; sourceTree = "<group>"; };
		650751C02B5E96CB00BB2098 /* pass.cpp */ = {isa = PBXFileReference; lastKnownFileType = sourcecode.cpp.cpp; path = pass.cpp; sourceTree = "<group>"; };
		650751C12B5E96CB00BB2098 /* pass.hpp */ = {isa = PBXFileReference; lastKnownFileType = sourcecode.cpp.h; path = pass.hpp; sourceTree = "<group>"; };
		650751C32B5E973500BB2098 /* PassColor.cpp */ = {isa = PBXFileReference; lastKnownFileType = sourcecode.cpp.cpp; path = PassColor.cpp; sourceTree = "<group>"; };
		650751C42B5E973500BB2098 /* PassColor.hpp */ = {isa = PBXFileReference; lastKnownFileType = sourcecode.cpp.h; path = PassColor.hpp; sourceTree = "<group>"; };
		650751C62B5EA62D00BB2098 /* PassTexture.cpp */ = {isa = PBXFileReference; lastKnownFileType = sourcecode.cpp.cpp; path = PassTexture.cpp; sourceTree = "<group>"; };
		650751C72B5EA62D00BB2098 /* PassTexture.hpp */ = {isa = PBXFileReference; lastKnownFileType = sourcecode.cpp.h; path = PassTexture.hpp; sourceTree = "<group>"; };
		6507D6802B8642A50029654C /* vert_model_anim */ = {isa = PBXFileReference; lastKnownFileType = text; path = vert_model_anim; sourceTree = "<group>"; };
		651EFBE82B3F308C00620837 /* OpenglLearn */ = {isa = PBXFileReference; explicitFileType = "compiled.mach-o.executable"; includeInIndex = 0; path = OpenglLearn; sourceTree = BUILT_PRODUCTS_DIR; };
		651EFBEB2B3F308C00620837 /* main.cpp */ = {isa = PBXFileReference; lastKnownFileType = sourcecode.cpp.cpp; path = main.cpp; sourceTree = "<group>"; };
		651EFBF32B3F320900620837 /* libglfw.3.dylib */ = {isa = PBXFileReference; lastKnownFileType = "compiled.mach-o.dylib"; name = libglfw.3.dylib; path = "glfw/lib-x86_64/libglfw.3.dylib"; sourceTree = "<group>"; };
		651EFBF42B3F320900620837 /* libglfw3.a */ = {isa = PBXFileReference; lastKnownFileType = archive.ar; name = libglfw3.a; path = "glfw/lib-x86_64/libglfw3.a"; sourceTree = "<group>"; };
		651EFBF92B3F324000620837 /* glad.c */ = {isa = PBXFileReference; fileEncoding = 4; lastKnownFileType = sourcecode.c.c; name = glad.c; path = glad/src/glad.c; sourceTree = SOURCE_ROOT; };
		657D254D2B74EBFF0073F59A /* frag_ground_normal */ = {isa = PBXFileReference; lastKnownFileType = text; path = frag_ground_normal; sourceTree = "<group>"; };
		657D254E2B74EBFF0073F59A /* vert_ground_normal */ = {isa = PBXFileReference; lastKnownFileType = text; path = vert_ground_normal; sourceTree = "<group>"; };
		6581573B2B89E7FD00253663 /* matrix.cpp */ = {isa = PBXFileReference; lastKnownFileType = sourcecode.cpp.cpp; path = matrix.cpp; sourceTree = "<group>"; };
		6581573C2B89E7FD00253663 /* matrix.hpp */ = {isa = PBXFileReference; lastKnownFileType = sourcecode.cpp.h; path = matrix.hpp; sourceTree = "<group>"; };
		658157662B922EA500253663 /* aabb.cpp */ = {isa = PBXFileReference; lastKnownFileType = sourcecode.cpp.cpp; path = aabb.cpp; sourceTree = "<group>"; };
		658157672B922EA500253663 /* aabb.hpp */ = {isa = PBXFileReference; lastKnownFileType = sourcecode.cpp.h; path = aabb.hpp; sourceTree = "<group>"; };
		6581576B2B92F2D900253663 /* input.cpp */ = {isa = PBXFileReference; lastKnownFileType = sourcecode.cpp.cpp; name = input.cpp; path = OpenglLearn/input/input.cpp; sourceTree = SOURCE_ROOT; };
		6581576C2B92F2D900253663 /* input.hpp */ = {isa = PBXFileReference; lastKnownFileType = sourcecode.cpp.h; name = input.hpp; path = OpenglLearn/input/input.hpp; sourceTree = SOURCE_ROOT; };
		6585AA942B944B2000841A5C /* math.cpp */ = {isa = PBXFileReference; lastKnownFileType = sourcecode.cpp.cpp; path = math.cpp; sourceTree = "<group>"; };
		6585AA952B944B2000841A5C /* math.hpp */ = {isa = PBXFileReference; lastKnownFileType = sourcecode.cpp.h; path = math.hpp; sourceTree = "<group>"; };
		659514692BC1BF69004B97DB /* Sky.cpp */ = {isa = PBXFileReference; lastKnownFileType = sourcecode.cpp.cpp; path = Sky.cpp; sourceTree = "<group>"; };
		6595146A2BC1BF69004B97DB /* Sky.hpp */ = {isa = PBXFileReference; lastKnownFileType = sourcecode.cpp.h; path = Sky.hpp; sourceTree = "<group>"; };
		6595146C2BC2622C004B97DB /* frag_sky */ = {isa = PBXFileReference; lastKnownFileType = text; path = frag_sky; sourceTree = "<group>"; };
		6595146D2BC26235004B97DB /* vert_sky */ = {isa = PBXFileReference; lastKnownFileType = text; path = vert_sky; sourceTree = "<group>"; };
		65ABD0012B5FED75007552FD /* model_data.h */ = {isa = PBXFileReference; lastKnownFileType = sourcecode.c.h; path = model_data.h; sourceTree = "<group>"; };
		65ABD02C2B60DF2B007552FD /* Light.h */ = {isa = PBXFileReference; lastKnownFileType = sourcecode.c.h; path = Light.h; sourceTree = "<group>"; };
		65C3C0CA2B9DDCEA00ACB3F4 /* node.cpp */ = {isa = PBXFileReference; lastKnownFileType = sourcecode.cpp.cpp; path = node.cpp; sourceTree = "<group>"; };
		65C3C0CB2B9DDCEA00ACB3F4 /* node.hpp */ = {isa = PBXFileReference; lastKnownFileType = sourcecode.cpp.h; path = node.hpp; sourceTree = "<group>"; };
		65C3C0F52B9E14C600ACB3F4 /* time.h */ = {isa = PBXFileReference; lastKnownFileType = sourcecode.c.h; path = time.h; sourceTree = "<group>"; };
		65D1BC1F2B9F3BFC0031AB8C /* taskQueue.h */ = {isa = PBXFileReference; lastKnownFileType = sourcecode.c.h; path = taskQueue.h; sourceTree = "<group>"; };
		65D1BC992BA18B450031AB8C /* MemPool.cpp */ = {isa = PBXFileReference; lastKnownFileType = sourcecode.cpp.cpp; path = MemPool.cpp; sourceTree = "<group>"; };
		65D1BC9A2BA18B450031AB8C /* MemPool.hpp */ = {isa = PBXFileReference; lastKnownFileType = sourcecode.cpp.h; path = MemPool.hpp; sourceTree = "<group>"; };
		65D475B42B42D355004AE289 /* shader.cpp */ = {isa = PBXFileReference; lastKnownFileType = sourcecode.cpp.cpp; path = shader.cpp; sourceTree = "<group>"; };
		65D475B52B42D355004AE289 /* shader.hpp */ = {isa = PBXFileReference; lastKnownFileType = sourcecode.cpp.h; path = shader.hpp; sourceTree = "<group>"; };
		65D475B82B42EFBB004AE289 /* image.cpp */ = {isa = PBXFileReference; lastKnownFileType = sourcecode.cpp.cpp; path = image.cpp; sourceTree = "<group>"; };
		65D475B92B42EFBB004AE289 /* image.hpp */ = {isa = PBXFileReference; lastKnownFileType = sourcecode.cpp.h; path = image.hpp; sourceTree = "<group>"; };
		65D475BC2B42F287004AE289 /* stb_image.h */ = {isa = PBXFileReference; lastKnownFileType = sourcecode.c.h; path = stb_image.h; sourceTree = "<group>"; };
		65F5CE2E2B9DADAD0011F599 /* ParticleSystem.cpp */ = {isa = PBXFileReference; lastKnownFileType = sourcecode.cpp.cpp; path = ParticleSystem.cpp; sourceTree = "<group>"; };
		65F5CE2F2B9DADAD0011F599 /* ParticleSystem.hpp */ = {isa = PBXFileReference; lastKnownFileType = sourcecode.cpp.h; path = ParticleSystem.hpp; sourceTree = "<group>"; };
		65F5CE312B9DADC30011F599 /* particle.cpp */ = {isa = PBXFileReference; lastKnownFileType = sourcecode.cpp.cpp; path = particle.cpp; sourceTree = "<group>"; };
		65F5CE322B9DADC30011F599 /* particle.hpp */ = {isa = PBXFileReference; lastKnownFileType = sourcecode.cpp.h; path = particle.hpp; sourceTree = "<group>"; };
		65F5CE342B9DADDB0011F599 /* emitter.cpp */ = {isa = PBXFileReference; lastKnownFileType = sourcecode.cpp.cpp; path = emitter.cpp; sourceTree = "<group>"; };
		65F5CE352B9DADDB0011F599 /* emitter.hpp */ = {isa = PBXFileReference; lastKnownFileType = sourcecode.cpp.h; path = emitter.hpp; sourceTree = "<group>"; };
		65F5CE372B9DAE040011F599 /* affector.cpp */ = {isa = PBXFileReference; lastKnownFileType = sourcecode.cpp.cpp; path = affector.cpp; sourceTree = "<group>"; };
		65F5CE382B9DAE040011F599 /* affector.hpp */ = {isa = PBXFileReference; lastKnownFileType = sourcecode.cpp.h; path = affector.hpp; sourceTree = "<group>"; };
		65FA241C2B623321006062DB /* Line.cpp */ = {isa = PBXFileReference; lastKnownFileType = sourcecode.cpp.cpp; path = Line.cpp; sourceTree = "<group>"; };
		65FA241D2B623321006062DB /* Line.hpp */ = {isa = PBXFileReference; lastKnownFileType = sourcecode.cpp.h; path = Line.hpp; sourceTree = "<group>"; };
		65FA24202B623DE5006062DB /* scene.cpp */ = {isa = PBXFileReference; lastKnownFileType = sourcecode.cpp.cpp; path = scene.cpp; sourceTree = "<group>"; };
		65FA24212B623DE5006062DB /* scene.hpp */ = {isa = PBXFileReference; lastKnownFileType = sourcecode.cpp.h; path = scene.hpp; sourceTree = "<group>"; };
		65FA24232B6240E0006062DB /* frag_color */ = {isa = PBXFileReference; lastKnownFileType = text; path = frag_color; sourceTree = "<group>"; };
		65FA24242B6240E0006062DB /* vert_color */ = {isa = PBXFileReference; lastKnownFileType = text; path = vert_color; sourceTree = "<group>"; };
		65FA24252B6241B6006062DB /* BaseDraw.h */ = {isa = PBXFileReference; lastKnownFileType = sourcecode.c.h; path = BaseDraw.h; sourceTree = "<group>"; };
		65FA24262B625980006062DB /* ImageRectangle.cpp */ = {isa = PBXFileReference; lastKnownFileType = sourcecode.cpp.cpp; path = ImageRectangle.cpp; sourceTree = "<group>"; };
		65FA24272B625980006062DB /* ImageRectangle.hpp */ = {isa = PBXFileReference; lastKnownFileType = sourcecode.cpp.h; path = ImageRectangle.hpp; sourceTree = "<group>"; };
		65FA24292B63D982006062DB /* frag_shadow */ = {isa = PBXFileReference; lastKnownFileType = text; path = frag_shadow; sourceTree = "<group>"; };
		65FA242A2B63D982006062DB /* vert_shadow */ = {isa = PBXFileReference; lastKnownFileType = text; path = vert_shadow; sourceTree = "<group>"; };
		65FA242B2B63E3A1006062DB /* vert_deepImage */ = {isa = PBXFileReference; lastKnownFileType = text; path = vert_deepImage; sourceTree = "<group>"; };
		65FA242C2B63E3A2006062DB /* frag_deepImage */ = {isa = PBXFileReference; lastKnownFileType = text; path = frag_deepImage; sourceTree = "<group>"; };
		65FA24802B6AD66F006062DB /* vert_model_color_anim */ = {isa = PBXFileReference; lastKnownFileType = text; path = vert_model_color_anim; sourceTree = "<group>"; };
		65FA24812B712E66006062DB /* vert_shadow_color */ = {isa = PBXFileReference; lastKnownFileType = text; path = vert_shadow_color; sourceTree = "<group>"; };
		65FD8F0C2B43F7E700A06A38 /* vert_image */ = {isa = PBXFileReference; lastKnownFileType = text; path = vert_image; sourceTree = "<group>"; };
		65FD8F0D2B43F83400A06A38 /* frag_image */ = {isa = PBXFileReference; lastKnownFileType = text; path = frag_image; sourceTree = "<group>"; };
		65FD8F0E2B44588A00A06A38 /* camera.cpp */ = {isa = PBXFileReference; lastKnownFileType = sourcecode.cpp.cpp; path = camera.cpp; sourceTree = "<group>"; };
		65FD8F0F2B44588A00A06A38 /* camera.hpp */ = {isa = PBXFileReference; lastKnownFileType = sourcecode.cpp.h; path = camera.hpp; sourceTree = "<group>"; };
		65FD8F192B45141E00A06A38 /* model.cpp */ = {isa = PBXFileReference; lastKnownFileType = sourcecode.cpp.cpp; path = model.cpp; sourceTree = "<group>"; };
		65FD8F1A2B45141E00A06A38 /* model.hpp */ = {isa = PBXFileReference; lastKnownFileType = sourcecode.cpp.h; path = model.hpp; sourceTree = "<group>"; };
		65FD8F1C2B45229600A06A38 /* assimp */ = {isa = PBXFileReference; lastKnownFileType = folder; path = assimp; sourceTree = "<group>"; };
		65FD8F202B4525F000A06A38 /* libassimp.5.dylib */ = {isa = PBXFileReference; lastKnownFileType = "compiled.mach-o.dylib"; name = libassimp.5.dylib; path = OpenglLearn/lib/libassimp.5.dylib; sourceTree = "<group>"; };
		65FD8F222B452BFC00A06A38 /* mesh.cpp */ = {isa = PBXFileReference; lastKnownFileType = sourcecode.cpp.cpp; path = mesh.cpp; sourceTree = "<group>"; };
		65FD8F232B452BFC00A06A38 /* mesh.hpp */ = {isa = PBXFileReference; lastKnownFileType = sourcecode.cpp.h; path = mesh.hpp; sourceTree = "<group>"; };
		65FD8F272B4655F100A06A38 /* vert_model */ = {isa = PBXFileReference; lastKnownFileType = text; path = vert_model; sourceTree = "<group>"; };
		65FD8F282B4655F100A06A38 /* frag_model */ = {isa = PBXFileReference; lastKnownFileType = text; path = frag_model; sourceTree = "<group>"; };
/* End PBXFileReference section */

/* Begin PBXFrameworksBuildPhase section */
		651EFBE52B3F308C00620837 /* Frameworks */ = {
			isa = PBXFrameworksBuildPhase;
			buildActionMask = 2147483647;
			files = (
				651EFBF52B3F320900620837 /* libglfw.3.dylib in Frameworks */,
				65FD8F252B453E1D00A06A38 /* libassimp.5.dylib in Frameworks */,
				651EFBF62B3F320900620837 /* libglfw3.a in Frameworks */,
			);
			runOnlyForDeploymentPostprocessing = 0;
		};
/* End PBXFrameworksBuildPhase section */

/* Begin PBXGroup section */
		651EFBDF2B3F308C00620837 = {
			isa = PBXGroup;
			children = (
				651EFBEA2B3F308C00620837 /* OpenglLearn */,
				651EFBE92B3F308C00620837 /* Products */,
				651EFBF22B3F320900620837 /* Frameworks */,
			);
			sourceTree = "<group>";
		};
		651EFBE92B3F308C00620837 /* Products */ = {
			isa = PBXGroup;
			children = (
				651EFBE82B3F308C00620837 /* OpenglLearn */,
			);
			name = Products;
			sourceTree = "<group>";
		};
		651EFBEA2B3F308C00620837 /* OpenglLearn */ = {
			isa = PBXGroup;
			children = (
				6585AA932B93ADA500841A5C /* input */,
				658157392B89E71D00253663 /* core */,
				65FD8F0A2B43F77A00A06A38 /* res */,
				65D475BB2B42F257004AE289 /* third */,
				65D475B32B42D323004AE289 /* render */,
				651EFBEB2B3F308C00620837 /* main.cpp */,
				651EFBF92B3F324000620837 /* glad.c */,
			);
			path = OpenglLearn;
			sourceTree = "<group>";
		};
		651EFBF22B3F320900620837 /* Frameworks */ = {
			isa = PBXGroup;
			children = (
				65FD8F202B4525F000A06A38 /* libassimp.5.dylib */,
				651EFBF32B3F320900620837 /* libglfw.3.dylib */,
				651EFBF42B3F320900620837 /* libglfw3.a */,
			);
			name = Frameworks;
			sourceTree = "<group>";
		};
		658157392B89E71D00253663 /* core */ = {
			isa = PBXGroup;
			children = (
				65D1BC982BA18B2D0031AB8C /* mem */,
				6581573A2B89E72200253663 /* math */,
				65D1BC1F2B9F3BFC0031AB8C /* taskQueue.h */,
			);
			path = core;
			sourceTree = "<group>";
		};
		6581573A2B89E72200253663 /* math */ = {
			isa = PBXGroup;
			children = (
				6581573B2B89E7FD00253663 /* matrix.cpp */,
				6581573C2B89E7FD00253663 /* matrix.hpp */,
				6585AA942B944B2000841A5C /* math.cpp */,
				6585AA952B944B2000841A5C /* math.hpp */,
			);
			path = math;
			sourceTree = "<group>";
		};
		6585AA932B93ADA500841A5C /* input */ = {
			isa = PBXGroup;
			children = (
				6581576B2B92F2D900253663 /* input.cpp */,
				6581576C2B92F2D900253663 /* input.hpp */,
			);
			path = input;
			sourceTree = "<group>";
		};
		65ABD02A2B60DCF8007552FD /* model */ = {
			isa = PBXGroup;
			children = (
				65FD8F192B45141E00A06A38 /* model.cpp */,
				65FD8F1A2B45141E00A06A38 /* model.hpp */,
				65FD8F222B452BFC00A06A38 /* mesh.cpp */,
				65FD8F232B452BFC00A06A38 /* mesh.hpp */,
				650751C02B5E96CB00BB2098 /* pass.cpp */,
				650751C12B5E96CB00BB2098 /* pass.hpp */,
				650751C32B5E973500BB2098 /* PassColor.cpp */,
				650751C42B5E973500BB2098 /* PassColor.hpp */,
				650751C62B5EA62D00BB2098 /* PassTexture.cpp */,
				650751C72B5EA62D00BB2098 /* PassTexture.hpp */,
				65ABD0012B5FED75007552FD /* model_data.h */,
				658157662B922EA500253663 /* aabb.cpp */,
				658157672B922EA500253663 /* aabb.hpp */,
			);
			path = model;
			sourceTree = "<group>";
		};
		65D1BC982BA18B2D0031AB8C /* mem */ = {
			isa = PBXGroup;
			children = (
				65D1BC992BA18B450031AB8C /* MemPool.cpp */,
				65D1BC9A2BA18B450031AB8C /* MemPool.hpp */,
			);
			path = mem;
			sourceTree = "<group>";
		};
		65D475B32B42D323004AE289 /* render */ = {
			isa = PBXGroup;
			children = (
				65F5CE2D2B9DAD6A0011F599 /* priticle */,
				65FA241F2B623328006062DB /* object */,
				65ABD02A2B60DCF8007552FD /* model */,
				65FD8F0B2B43F7A300A06A38 /* shaders */,
				65D475B42B42D355004AE289 /* shader.cpp */,
				65D475B52B42D355004AE289 /* shader.hpp */,
				65D475B82B42EFBB004AE289 /* image.cpp */,
				65D475B92B42EFBB004AE289 /* image.hpp */,
				65FD8F0E2B44588A00A06A38 /* camera.cpp */,
				65FD8F0F2B44588A00A06A38 /* camera.hpp */,
				65ABD02C2B60DF2B007552FD /* Light.h */,
				65FA24202B623DE5006062DB /* scene.cpp */,
				65FA24212B623DE5006062DB /* scene.hpp */,
				65FA24252B6241B6006062DB /* BaseDraw.h */,
			);
			path = render;
			sourceTree = "<group>";
		};
		65D475BB2B42F257004AE289 /* third */ = {
			isa = PBXGroup;
			children = (
				65FD8F1C2B45229600A06A38 /* assimp */,
				65D475BC2B42F287004AE289 /* stb_image.h */,
			);
			path = third;
			sourceTree = "<group>";
		};
		65F5CE2D2B9DAD6A0011F599 /* priticle */ = {
			isa = PBXGroup;
			children = (
				65F5CE2E2B9DADAD0011F599 /* ParticleSystem.cpp */,
				65F5CE2F2B9DADAD0011F599 /* ParticleSystem.hpp */,
				65F5CE312B9DADC30011F599 /* particle.cpp */,
				65F5CE322B9DADC30011F599 /* particle.hpp */,
				65F5CE342B9DADDB0011F599 /* emitter.cpp */,
				65F5CE352B9DADDB0011F599 /* emitter.hpp */,
				65F5CE372B9DAE040011F599 /* affector.cpp */,
				65F5CE382B9DAE040011F599 /* affector.hpp */,
				65C3C0CA2B9DDCEA00ACB3F4 /* node.cpp */,
				65C3C0CB2B9DDCEA00ACB3F4 /* node.hpp */,
				65C3C0F52B9E14C600ACB3F4 /* time.h */,
			);
			path = priticle;
			sourceTree = "<group>";
		};
		65FA241F2B623328006062DB /* object */ = {
			isa = PBXGroup;
			children = (
				65FA241C2B623321006062DB /* Line.cpp */,
				65FA241D2B623321006062DB /* Line.hpp */,
				65FA24262B625980006062DB /* ImageRectangle.cpp */,
				65FA24272B625980006062DB /* ImageRectangle.hpp */,
				659514692BC1BF69004B97DB /* Sky.cpp */,
				6595146A2BC1BF69004B97DB /* Sky.hpp */,
			);
			path = object;
			sourceTree = "<group>";
		};
		65FD8F0A2B43F77A00A06A38 /* res */ = {
			isa = PBXGroup;
			children = (
			);
			path = res;
			sourceTree = "<group>";
		};
		65FD8F0B2B43F7A300A06A38 /* shaders */ = {
			isa = PBXGroup;
			children = (
				6595146D2BC26235004B97DB /* vert_sky */,
				6595146C2BC2622C004B97DB /* frag_sky */,
				6507D6802B8642A50029654C /* vert_model_anim */,
				657D254D2B74EBFF0073F59A /* frag_ground_normal */,
				657D254E2B74EBFF0073F59A /* vert_ground_normal */,
				65FA24812B712E66006062DB /* vert_shadow_color */,
				65FA24802B6AD66F006062DB /* vert_model_color_anim */,
				65FA242C2B63E3A2006062DB /* frag_deepImage */,
				65FA242B2B63E3A1006062DB /* vert_deepImage */,
				65FA24292B63D982006062DB /* frag_shadow */,
				65FA242A2B63D982006062DB /* vert_shadow */,
				65FA24232B6240E0006062DB /* frag_color */,
				65FA24242B6240E0006062DB /* vert_color */,
				650751962B5E8A4400BB2098 /* frag_model_color */,
				650751972B5E8A4400BB2098 /* vert_model_color */,
				65FD8F282B4655F100A06A38 /* frag_model */,
				65FD8F272B4655F100A06A38 /* vert_model */,
				65FD8F0D2B43F83400A06A38 /* frag_image */,
				65FD8F0C2B43F7E700A06A38 /* vert_image */,
			);
			path = shaders;
			sourceTree = "<group>";
		};
/* End PBXGroup section */

/* Begin PBXNativeTarget section */
		651EFBE72B3F308C00620837 /* OpenglLearn */ = {
			isa = PBXNativeTarget;
			buildConfigurationList = 651EFBEF2B3F308C00620837 /* Build configuration list for PBXNativeTarget "OpenglLearn" */;
			buildPhases = (
				651EFBE42B3F308C00620837 /* Sources */,
				651EFBE52B3F308C00620837 /* Frameworks */,
				651EFBE62B3F308C00620837 /* CopyFiles */,
				651EFBF82B3F322800620837 /* Embed Libraries */,
			);
			buildRules = (
			);
			dependencies = (
			);
			name = OpenglLearn;
			productName = OpenglLearn;
			productReference = 651EFBE82B3F308C00620837 /* OpenglLearn */;
			productType = "com.apple.product-type.tool";
		};
/* End PBXNativeTarget section */

/* Begin PBXProject section */
		651EFBE02B3F308C00620837 /* Project object */ = {
			isa = PBXProject;
			attributes = {
				BuildIndependentTargetsInParallel = 1;
				LastUpgradeCheck = 1510;
				TargetAttributes = {
					651EFBE72B3F308C00620837 = {
						CreatedOnToolsVersion = 15.1;
					};
				};
			};
			buildConfigurationList = 651EFBE32B3F308C00620837 /* Build configuration list for PBXProject "OpenglLearn" */;
			compatibilityVersion = "Xcode 14.0";
			developmentRegion = en;
			hasScannedForEncodings = 0;
			knownRegions = (
				en,
				Base,
			);
			mainGroup = 651EFBDF2B3F308C00620837;
			productRefGroup = 651EFBE92B3F308C00620837 /* Products */;
			projectDirPath = "";
			projectRoot = "";
			targets = (
				651EFBE72B3F308C00620837 /* OpenglLearn */,
			);
		};
/* End PBXProject section */

/* Begin PBXSourcesBuildPhase section */
		651EFBE42B3F308C00620837 /* Sources */ = {
			isa = PBXSourcesBuildPhase;
			buildActionMask = 2147483647;
			files = (
				650751C22B5E96CB00BB2098 /* pass.cpp in Sources */,
				65FA24282B625981006062DB /* ImageRectangle.cpp in Sources */,
				65D1BC9B2BA18B450031AB8C /* MemPool.cpp in Sources */,
				65D475B62B42D355004AE289 /* shader.cpp in Sources */,
				65D475BA2B42EFBB004AE289 /* image.cpp in Sources */,
				65FA241E2B623321006062DB /* Line.cpp in Sources */,
				65FA24222B623DE5006062DB /* scene.cpp in Sources */,
				651EFBEC2B3F308C00620837 /* main.cpp in Sources */,
				65F5CE392B9DAE040011F599 /* affector.cpp in Sources */,
				651EFBFA2B3F324000620837 /* glad.c in Sources */,
				65F5CE302B9DADAD0011F599 /* ParticleSystem.cpp in Sources */,
				658157682B922EA500253663 /* aabb.cpp in Sources */,
				6585AA962B944B2000841A5C /* math.cpp in Sources */,
				65FD8F102B44588A00A06A38 /* camera.cpp in Sources */,
				65C3C0CC2B9DDCEB00ACB3F4 /* node.cpp in Sources */,
				6595146B2BC1BF69004B97DB /* Sky.cpp in Sources */,
				6581576D2B92F2D900253663 /* input.cpp in Sources */,
				650751C82B5EA62D00BB2098 /* PassTexture.cpp in Sources */,
				6581573D2B89E7FD00253663 /* matrix.cpp in Sources */,
				650751C52B5E973500BB2098 /* PassColor.cpp in Sources */,
				65F5CE332B9DADC30011F599 /* particle.cpp in Sources */,
				65FD8F1B2B45141E00A06A38 /* model.cpp in Sources */,
				65F5CE362B9DADDB0011F599 /* emitter.cpp in Sources */,
				65FD8F242B452BFC00A06A38 /* mesh.cpp in Sources */,
			);
			runOnlyForDeploymentPostprocessing = 0;
		};
/* End PBXSourcesBuildPhase section */

/* Begin XCBuildConfiguration section */
		651EFBED2B3F308C00620837 /* Debug */ = {
			isa = XCBuildConfiguration;
			buildSettings = {
				ALWAYS_SEARCH_USER_PATHS = NO;
				ASSETCATALOG_COMPILER_GENERATE_SWIFT_ASSET_SYMBOL_EXTENSIONS = YES;
				CLANG_ANALYZER_NONNULL = YES;
				CLANG_ANALYZER_NUMBER_OBJECT_CONVERSION = YES_AGGRESSIVE;
				CLANG_CXX_LANGUAGE_STANDARD = "gnu++20";
				CLANG_ENABLE_MODULES = YES;
				CLANG_ENABLE_OBJC_ARC = YES;
				CLANG_ENABLE_OBJC_WEAK = YES;
				CLANG_WARN_BLOCK_CAPTURE_AUTORELEASING = YES;
				CLANG_WARN_BOOL_CONVERSION = YES;
				CLANG_WARN_COMMA = YES;
				CLANG_WARN_CONSTANT_CONVERSION = YES;
				CLANG_WARN_DEPRECATED_OBJC_IMPLEMENTATIONS = YES;
				CLANG_WARN_DIRECT_OBJC_ISA_USAGE = YES_ERROR;
				CLANG_WARN_DOCUMENTATION_COMMENTS = YES;
				CLANG_WARN_EMPTY_BODY = YES;
				CLANG_WARN_ENUM_CONVERSION = YES;
				CLANG_WARN_INFINITE_RECURSION = YES;
				CLANG_WARN_INT_CONVERSION = YES;
				CLANG_WARN_NON_LITERAL_NULL_CONVERSION = YES;
				CLANG_WARN_OBJC_IMPLICIT_RETAIN_SELF = YES;
				CLANG_WARN_OBJC_LITERAL_CONVERSION = YES;
				CLANG_WARN_OBJC_ROOT_CLASS = YES_ERROR;
				CLANG_WARN_QUOTED_INCLUDE_IN_FRAMEWORK_HEADER = YES;
				CLANG_WARN_RANGE_LOOP_ANALYSIS = YES;
				CLANG_WARN_STRICT_PROTOTYPES = YES;
				CLANG_WARN_SUSPICIOUS_MOVE = YES;
				CLANG_WARN_UNGUARDED_AVAILABILITY = YES_AGGRESSIVE;
				CLANG_WARN_UNREACHABLE_CODE = YES;
				CLANG_WARN__DUPLICATE_METHOD_MATCH = YES;
				COPY_PHASE_STRIP = NO;
				DEBUG_INFORMATION_FORMAT = dwarf;
				ENABLE_STRICT_OBJC_MSGSEND = YES;
				ENABLE_TESTABILITY = YES;
				ENABLE_USER_SCRIPT_SANDBOXING = YES;
				GCC_C_LANGUAGE_STANDARD = gnu17;
				GCC_DYNAMIC_NO_PIC = NO;
				GCC_NO_COMMON_BLOCKS = YES;
				GCC_OPTIMIZATION_LEVEL = 0;
				GCC_PREPROCESSOR_DEFINITIONS = (
					"DEBUG=1",
					"$(inherited)",
				);
				GCC_WARN_64_TO_32_BIT_CONVERSION = YES;
				GCC_WARN_ABOUT_RETURN_TYPE = YES_ERROR;
				GCC_WARN_UNDECLARED_SELECTOR = YES;
				GCC_WARN_UNINITIALIZED_AUTOS = YES_AGGRESSIVE;
				GCC_WARN_UNUSED_FUNCTION = YES;
				GCC_WARN_UNUSED_VARIABLE = YES;
				LOCALIZATION_PREFERS_STRING_CATALOGS = YES;
				MACOSX_DEPLOYMENT_TARGET = 14.1;
				MTL_ENABLE_DEBUG_INFO = INCLUDE_SOURCE;
				MTL_FAST_MATH = YES;
				ONLY_ACTIVE_ARCH = YES;
				SDKROOT = macosx;
			};
			name = Debug;
		};
		651EFBEE2B3F308C00620837 /* Release */ = {
			isa = XCBuildConfiguration;
			buildSettings = {
				ALWAYS_SEARCH_USER_PATHS = NO;
				ASSETCATALOG_COMPILER_GENERATE_SWIFT_ASSET_SYMBOL_EXTENSIONS = YES;
				CLANG_ANALYZER_NONNULL = YES;
				CLANG_ANALYZER_NUMBER_OBJECT_CONVERSION = YES_AGGRESSIVE;
				CLANG_CXX_LANGUAGE_STANDARD = "gnu++20";
				CLANG_ENABLE_MODULES = YES;
				CLANG_ENABLE_OBJC_ARC = YES;
				CLANG_ENABLE_OBJC_WEAK = YES;
				CLANG_WARN_BLOCK_CAPTURE_AUTORELEASING = YES;
				CLANG_WARN_BOOL_CONVERSION = YES;
				CLANG_WARN_COMMA = YES;
				CLANG_WARN_CONSTANT_CONVERSION = YES;
				CLANG_WARN_DEPRECATED_OBJC_IMPLEMENTATIONS = YES;
				CLANG_WARN_DIRECT_OBJC_ISA_USAGE = YES_ERROR;
				CLANG_WARN_DOCUMENTATION_COMMENTS = YES;
				CLANG_WARN_EMPTY_BODY = YES;
				CLANG_WARN_ENUM_CONVERSION = YES;
				CLANG_WARN_INFINITE_RECURSION = YES;
				CLANG_WARN_INT_CONVERSION = YES;
				CLANG_WARN_NON_LITERAL_NULL_CONVERSION = YES;
				CLANG_WARN_OBJC_IMPLICIT_RETAIN_SELF = YES;
				CLANG_WARN_OBJC_LITERAL_CONVERSION = YES;
				CLANG_WARN_OBJC_ROOT_CLASS = YES_ERROR;
				CLANG_WARN_QUOTED_INCLUDE_IN_FRAMEWORK_HEADER = YES;
				CLANG_WARN_RANGE_LOOP_ANALYSIS = YES;
				CLANG_WARN_STRICT_PROTOTYPES = YES;
				CLANG_WARN_SUSPICIOUS_MOVE = YES;
				CLANG_WARN_UNGUARDED_AVAILABILITY = YES_AGGRESSIVE;
				CLANG_WARN_UNREACHABLE_CODE = YES;
				CLANG_WARN__DUPLICATE_METHOD_MATCH = YES;
				COPY_PHASE_STRIP = NO;
				DEBUG_INFORMATION_FORMAT = "dwarf-with-dsym";
				ENABLE_NS_ASSERTIONS = NO;
				ENABLE_STRICT_OBJC_MSGSEND = YES;
				ENABLE_USER_SCRIPT_SANDBOXING = YES;
				GCC_C_LANGUAGE_STANDARD = gnu17;
				GCC_NO_COMMON_BLOCKS = YES;
				GCC_WARN_64_TO_32_BIT_CONVERSION = YES;
				GCC_WARN_ABOUT_RETURN_TYPE = YES_ERROR;
				GCC_WARN_UNDECLARED_SELECTOR = YES;
				GCC_WARN_UNINITIALIZED_AUTOS = YES_AGGRESSIVE;
				GCC_WARN_UNUSED_FUNCTION = YES;
				GCC_WARN_UNUSED_VARIABLE = YES;
				LOCALIZATION_PREFERS_STRING_CATALOGS = YES;
				MACOSX_DEPLOYMENT_TARGET = 14.1;
				MTL_ENABLE_DEBUG_INFO = NO;
				MTL_FAST_MATH = YES;
				SDKROOT = macosx;
			};
			name = Release;
		};
		651EFBF02B3F308C00620837 /* Debug */ = {
			isa = XCBuildConfiguration;
			buildSettings = {
				CODE_SIGN_STYLE = Automatic;
				HEADER_SEARCH_PATHS = (
					"\"$(SRCROOT)/glad/include\"/**",
					"\"$(SRCROOT)/glfw/include\"",
					"\"$(SRCROOT)/OpenglLearn/third\"",
					"\"$(SRCROOT)/OpenglLearn\"",
				);
				LIBRARY_SEARCH_PATHS = (
					"\"$(SRCROOT)/glfw/lib-x86_64\"",
					"$(PROJECT_DIR)/glfw/lib-x86_64",
					"$(PROJECT_DIR)/OpenglLearn/lib",
				);
				PRODUCT_NAME = "$(TARGET_NAME)";
			};
			name = Debug;
		};
		651EFBF12B3F308C00620837 /* Release */ = {
			isa = XCBuildConfiguration;
			buildSettings = {
				CODE_SIGN_STYLE = Automatic;
				HEADER_SEARCH_PATHS = (
					"\"$(SRCROOT)/glad/include\"/**",
					"\"$(SRCROOT)/glfw/include\"",
					"\"$(SRCROOT)/OpenglLearn/third\"",
					"\"$(SRCROOT)/OpenglLearn\"",
				);
				LIBRARY_SEARCH_PATHS = (
					"\"$(SRCROOT)/glfw/lib-x86_64\"",
					"$(PROJECT_DIR)/glfw/lib-x86_64",
					"$(PROJECT_DIR)/OpenglLearn/lib",
				);
				PRODUCT_NAME = "$(TARGET_NAME)";
			};
			name = Release;
		};
/* End XCBuildConfiguration section */

/* Begin XCConfigurationList section */
		651EFBE32B3F308C00620837 /* Build configuration list for PBXProject "OpenglLearn" */ = {
			isa = XCConfigurationList;
			buildConfigurations = (
				651EFBED2B3F308C00620837 /* Debug */,
				651EFBEE2B3F308C00620837 /* Release */,
			);
			defaultConfigurationIsVisible = 0;
			defaultConfigurationName = Release;
		};
		651EFBEF2B3F308C00620837 /* Build configuration list for PBXNativeTarget "OpenglLearn" */ = {
			isa = XCConfigurationList;
			buildConfigurations = (
				651EFBF02B3F308C00620837 /* Debug */,
				651EFBF12B3F308C00620837 /* Release */,
			);
			defaultConfigurationIsVisible = 0;
			defaultConfigurationName = Release;
		};
/* End XCConfigurationList section */
	};
	rootObject = 651EFBE02B3F308C00620837 /* Project object */;
}
