// !$*UTF8*$!
{
	archiveVersion = 1;
	classes = {
	};
	objectVersion = 56;
	objects = {

/* Begin PBXBuildFile section */
		651EFBEC2B3F308C00620837 /* main.cpp in Sources */ = {isa = PBXBuildFile; fileRef = 651EFBEB2B3F308C00620837 /* main.cpp */; };
		651EFBF52B3F320900620837 /* libglfw.3.dylib in Frameworks */ = {isa = PBXBuildFile; fileRef = 651EFBF32B3F320900620837 /* libglfw.3.dylib */; };
		651EFBF62B3F320900620837 /* libglfw3.a in Frameworks */ = {isa = PBXBuildFile; fileRef = 651EFBF42B3F320900620837 /* libglfw3.a */; };
		651EFBF72B3F322800620837 /* libglfw.3.dylib in Embed Libraries */ = {isa = PBXBuildFile; fileRef = 651EFBF32B3F320900620837 /* libglfw.3.dylib */; settings = {ATTRIBUTES = (CodeSignOnCopy, ); }; };
		651EFBFA2B3F324000620837 /* glad.c in Sources */ = {isa = PBXBuildFile; fileRef = 651EFBF92B3F324000620837 /* glad.c */; };
		65D475B62B42D355004AE289 /* shader.cpp in Sources */ = {isa = PBXBuildFile; fileRef = 65D475B42B42D355004AE289 /* shader.cpp */; };
		65D475BA2B42EFBB004AE289 /* image.cpp in Sources */ = {isa = PBXBuildFile; fileRef = 65D475B82B42EFBB004AE289 /* image.cpp */; };
/* End PBXBuildFile section */

/* Begin PBXCopyFilesBuildPhase section */
		651EFBE62B3F308C00620837 /* CopyFiles */ = {
			isa = PBXCopyFilesBuildPhase;
			buildActionMask = 2147483647;
			dstPath = /usr/share/man/man1/;
			dstSubfolderSpec = 0;
			files = (
			);
			runOnlyForDeploymentPostprocessing = 1;
		};
		651EFBF82B3F322800620837 /* Embed Libraries */ = {
			isa = PBXCopyFilesBuildPhase;
			buildActionMask = 2147483647;
			dstPath = "";
			dstSubfolderSpec = 10;
			files = (
				651EFBF72B3F322800620837 /* libglfw.3.dylib in Embed Libraries */,
			);
			name = "Embed Libraries";
			runOnlyForDeploymentPostprocessing = 0;
		};
/* End PBXCopyFilesBuildPhase section */

/* Begin PBXFileReference section */
		651EFBE82B3F308C00620837 /* OpenglLearn */ = {isa = PBXFileReference; explicitFileType = "compiled.mach-o.executable"; includeInIndex = 0; path = OpenglLearn; sourceTree = BUILT_PRODUCTS_DIR; };
		651EFBEB2B3F308C00620837 /* main.cpp */ = {isa = PBXFileReference; lastKnownFileType = sourcecode.cpp.cpp; path = main.cpp; sourceTree = "<group>"; };
		651EFBF32B3F320900620837 /* libglfw.3.dylib */ = {isa = PBXFileReference; lastKnownFileType = "compiled.mach-o.dylib"; name = libglfw.3.dylib; path = "glfw/lib-x86_64/libglfw.3.dylib"; sourceTree = "<group>"; };
		651EFBF42B3F320900620837 /* libglfw3.a */ = {isa = PBXFileReference; lastKnownFileType = archive.ar; name = libglfw3.a; path = "glfw/lib-x86_64/libglfw3.a"; sourceTree = "<group>"; };
		651EFBF92B3F324000620837 /* glad.c */ = {isa = PBXFileReference; fileEncoding = 4; lastKnownFileType = sourcecode.c.c; name = glad.c; path = glad/src/glad.c; sourceTree = SOURCE_ROOT; };
		65D475B42B42D355004AE289 /* shader.cpp */ = {isa = PBXFileReference; lastKnownFileType = sourcecode.cpp.cpp; path = shader.cpp; sourceTree = "<group>"; };
		65D475B52B42D355004AE289 /* shader.hpp */ = {isa = PBXFileReference; lastKnownFileType = sourcecode.cpp.h; path = shader.hpp; sourceTree = "<group>"; };
		65D475B72B42D5C4004AE289 /* shader_string.h */ = {isa = PBXFileReference; lastKnownFileType = sourcecode.c.h; path = shader_string.h; sourceTree = "<group>"; };
		65D475B82B42EFBB004AE289 /* image.cpp */ = {isa = PBXFileReference; lastKnownFileType = sourcecode.cpp.cpp; path = image.cpp; sourceTree = "<group>"; };
		65D475B92B42EFBB004AE289 /* image.hpp */ = {isa = PBXFileReference; lastKnownFileType = sourcecode.cpp.h; path = image.hpp; sourceTree = "<group>"; };
		65D475BC2B42F287004AE289 /* stb_image.h */ = {isa = PBXFileReference; lastKnownFileType = sourcecode.c.h; path = stb_image.h; sourceTree = "<group>"; };
/* End PBXFileReference section */

/* Begin PBXFrameworksBuildPhase section */
		651EFBE52B3F308C00620837 /* Frameworks */ = {
			isa = PBXFrameworksBuildPhase;
			buildActionMask = 2147483647;
			files = (
				651EFBF52B3F320900620837 /* libglfw.3.dylib in Frameworks */,
				651EFBF62B3F320900620837 /* libglfw3.a in Frameworks */,
			);
			runOnlyForDeploymentPostprocessing = 0;
		};
/* End PBXFrameworksBuildPhase section */

/* Begin PBXGroup section */
		651EFBDF2B3F308C00620837 = {
			isa = PBXGroup;
			children = (
				651EFBEA2B3F308C00620837 /* OpenglLearn */,
				651EFBE92B3F308C00620837 /* Products */,
				651EFBF22B3F320900620837 /* Frameworks */,
			);
			sourceTree = "<group>";
		};
		651EFBE92B3F308C00620837 /* Products */ = {
			isa = PBXGroup;
			children = (
				651EFBE82B3F308C00620837 /* OpenglLearn */,
			);
			name = Products;
			sourceTree = "<group>";
		};
		651EFBEA2B3F308C00620837 /* OpenglLearn */ = {
			isa = PBXGroup;
			children = (
				65D475BB2B42F257004AE289 /* third */,
				65D475B32B42D323004AE289 /* render */,
				651EFBEB2B3F308C00620837 /* main.cpp */,
				651EFBF92B3F324000620837 /* glad.c */,
			);
			path = OpenglLearn;
			sourceTree = "<group>";
		};
		651EFBF22B3F320900620837 /* Frameworks */ = {
			isa = PBXGroup;
			children = (
				651EFBF32B3F320900620837 /* libglfw.3.dylib */,
				651EFBF42B3F320900620837 /* libglfw3.a */,
			);
			name = Frameworks;
			sourceTree = "<group>";
		};
		65D475B32B42D323004AE289 /* render */ = {
			isa = PBXGroup;
			children = (
				65D475B42B42D355004AE289 /* shader.cpp */,
				65D475B52B42D355004AE289 /* shader.hpp */,
				65D475B72B42D5C4004AE289 /* shader_string.h */,
				65D475B82B42EFBB004AE289 /* image.cpp */,
				65D475B92B42EFBB004AE289 /* image.hpp */,
			);
			path = render;
			sourceTree = "<group>";
		};
		65D475BB2B42F257004AE289 /* third */ = {
			isa = PBXGroup;
			children = (
				65D475BC2B42F287004AE289 /* stb_image.h */,
			);
			path = third;
			sourceTree = "<group>";
		};
/* End PBXGroup section */

/* Begin PBXNativeTarget section */
		651EFBE72B3F308C00620837 /* OpenglLearn */ = {
			isa = PBXNativeTarget;
			buildConfigurationList = 651EFBEF2B3F308C00620837 /* Build configuration list for PBXNativeTarget "OpenglLearn" */;
			buildPhases = (
				651EFBE42B3F308C00620837 /* Sources */,
				651EFBE52B3F308C00620837 /* Frameworks */,
				651EFBE62B3F308C00620837 /* CopyFiles */,
				651EFBF82B3F322800620837 /* Embed Libraries */,
			);
			buildRules = (
			);
			dependencies = (
			);
			name = OpenglLearn;
			productName = OpenglLearn;
			productReference = 651EFBE82B3F308C00620837 /* OpenglLearn */;
			productType = "com.apple.product-type.tool";
		};
/* End PBXNativeTarget section */

/* Begin PBXProject section */
		651EFBE02B3F308C00620837 /* Project object */ = {
			isa = PBXProject;
			attributes = {
				BuildIndependentTargetsInParallel = 1;
				LastUpgradeCheck = 1510;
				TargetAttributes = {
					651EFBE72B3F308C00620837 = {
						CreatedOnToolsVersion = 15.1;
					};
				};
			};
			buildConfigurationList = 651EFBE32B3F308C00620837 /* Build configuration list for PBXProject "OpenglLearn" */;
			compatibilityVersion = "Xcode 14.0";
			developmentRegion = en;
			hasScannedForEncodings = 0;
			knownRegions = (
				en,
				Base,
			);
			mainGroup = 651EFBDF2B3F308C00620837;
			productRefGroup = 651EFBE92B3F308C00620837 /* Products */;
			projectDirPath = "";
			projectRoot = "";
			targets = (
				651EFBE72B3F308C00620837 /* OpenglLearn */,
			);
		};
/* End PBXProject section */

/* Begin PBXSourcesBuildPhase section */
		651EFBE42B3F308C00620837 /* Sources */ = {
			isa = PBXSourcesBuildPhase;
			buildActionMask = 2147483647;
			files = (
				65D475B62B42D355004AE289 /* shader.cpp in Sources */,
				65D475BA2B42EFBB004AE289 /* image.cpp in Sources */,
				651EFBEC2B3F308C00620837 /* main.cpp in Sources */,
				651EFBFA2B3F324000620837 /* glad.c in Sources */,
			);
			runOnlyForDeploymentPostprocessing = 0;
		};
/* End PBXSourcesBuildPhase section */

/* Begin XCBuildConfiguration section */
		651EFBED2B3F308C00620837 /* Debug */ = {
			isa = XCBuildConfiguration;
			buildSettings = {
				ALWAYS_SEARCH_USER_PATHS = NO;
				ASSETCATALOG_COMPILER_GENERATE_SWIFT_ASSET_SYMBOL_EXTENSIONS = YES;
				CLANG_ANALYZER_NONNULL = YES;
				CLANG_ANALYZER_NUMBER_OBJECT_CONVERSION = YES_AGGRESSIVE;
				CLANG_CXX_LANGUAGE_STANDARD = "gnu++20";
				CLANG_ENABLE_MODULES = YES;
				CLANG_ENABLE_OBJC_ARC = YES;
				CLANG_ENABLE_OBJC_WEAK = YES;
				CLANG_WARN_BLOCK_CAPTURE_AUTORELEASING = YES;
				CLANG_WARN_BOOL_CONVERSION = YES;
				CLANG_WARN_COMMA = YES;
				CLANG_WARN_CONSTANT_CONVERSION = YES;
				CLANG_WARN_DEPRECATED_OBJC_IMPLEMENTATIONS = YES;
				CLANG_WARN_DIRECT_OBJC_ISA_USAGE = YES_ERROR;
				CLANG_WARN_DOCUMENTATION_COMMENTS = YES;
				CLANG_WARN_EMPTY_BODY = YES;
				CLANG_WARN_ENUM_CONVERSION = YES;
				CLANG_WARN_INFINITE_RECURSION = YES;
				CLANG_WARN_INT_CONVERSION = YES;
				CLANG_WARN_NON_LITERAL_NULL_CONVERSION = YES;
				CLANG_WARN_OBJC_IMPLICIT_RETAIN_SELF = YES;
				CLANG_WARN_OBJC_LITERAL_CONVERSION = YES;
				CLANG_WARN_OBJC_ROOT_CLASS = YES_ERROR;
				CLANG_WARN_QUOTED_INCLUDE_IN_FRAMEWORK_HEADER = YES;
				CLANG_WARN_RANGE_LOOP_ANALYSIS = YES;
				CLANG_WARN_STRICT_PROTOTYPES = YES;
				CLANG_WARN_SUSPICIOUS_MOVE = YES;
				CLANG_WARN_UNGUARDED_AVAILABILITY = YES_AGGRESSIVE;
				CLANG_WARN_UNREACHABLE_CODE = YES;
				CLANG_WARN__DUPLICATE_METHOD_MATCH = YES;
				COPY_PHASE_STRIP = NO;
				DEBUG_INFORMATION_FORMAT = dwarf;
				ENABLE_STRICT_OBJC_MSGSEND = YES;
				ENABLE_TESTABILITY = YES;
				ENABLE_USER_SCRIPT_SANDBOXING = YES;
				GCC_C_LANGUAGE_STANDARD = gnu17;
				GCC_DYNAMIC_NO_PIC = NO;
				GCC_NO_COMMON_BLOCKS = YES;
				GCC_OPTIMIZATION_LEVEL = 0;
				GCC_PREPROCESSOR_DEFINITIONS = (
					"DEBUG=1",
					"$(inherited)",
				);
				GCC_WARN_64_TO_32_BIT_CONVERSION = YES;
				GCC_WARN_ABOUT_RETURN_TYPE = YES_ERROR;
				GCC_WARN_UNDECLARED_SELECTOR = YES;
				GCC_WARN_UNINITIALIZED_AUTOS = YES_AGGRESSIVE;
				GCC_WARN_UNUSED_FUNCTION = YES;
				GCC_WARN_UNUSED_VARIABLE = YES;
				LOCALIZATION_PREFERS_STRING_CATALOGS = YES;
				MACOSX_DEPLOYMENT_TARGET = 14.1;
				MTL_ENABLE_DEBUG_INFO = INCLUDE_SOURCE;
				MTL_FAST_MATH = YES;
				ONLY_ACTIVE_ARCH = YES;
				SDKROOT = macosx;
			};
			name = Debug;
		};
		651EFBEE2B3F308C00620837 /* Release */ = {
			isa = XCBuildConfiguration;
			buildSettings = {
				ALWAYS_SEARCH_USER_PATHS = NO;
				ASSETCATALOG_COMPILER_GENERATE_SWIFT_ASSET_SYMBOL_EXTENSIONS = YES;
				CLANG_ANALYZER_NONNULL = YES;
				CLANG_ANALYZER_NUMBER_OBJECT_CONVERSION = YES_AGGRESSIVE;
				CLANG_CXX_LANGUAGE_STANDARD = "gnu++20";
				CLANG_ENABLE_MODULES = YES;
				CLANG_ENABLE_OBJC_ARC = YES;
				CLANG_ENABLE_OBJC_WEAK = YES;
				CLANG_WARN_BLOCK_CAPTURE_AUTORELEASING = YES;
				CLANG_WARN_BOOL_CONVERSION = YES;
				CLANG_WARN_COMMA = YES;
				CLANG_WARN_CONSTANT_CONVERSION = YES;
				CLANG_WARN_DEPRECATED_OBJC_IMPLEMENTATIONS = YES;
				CLANG_WARN_DIRECT_OBJC_ISA_USAGE = YES_ERROR;
				CLANG_WARN_DOCUMENTATION_COMMENTS = YES;
				CLANG_WARN_EMPTY_BODY = YES;
				CLANG_WARN_ENUM_CONVERSION = YES;
				CLANG_WARN_INFINITE_RECURSION = YES;
				CLANG_WARN_INT_CONVERSION = YES;
				CLANG_WARN_NON_LITERAL_NULL_CONVERSION = YES;
				CLANG_WARN_OBJC_IMPLICIT_RETAIN_SELF = YES;
				CLANG_WARN_OBJC_LITERAL_CONVERSION = YES;
				CLANG_WARN_OBJC_ROOT_CLASS = YES_ERROR;
				CLANG_WARN_QUOTED_INCLUDE_IN_FRAMEWORK_HEADER = YES;
				CLANG_WARN_RANGE_LOOP_ANALYSIS = YES;
				CLANG_WARN_STRICT_PROTOTYPES = YES;
				CLANG_WARN_SUSPICIOUS_MOVE = YES;
				CLANG_WARN_UNGUARDED_AVAILABILITY = YES_AGGRESSIVE;
				CLANG_WARN_UNREACHABLE_CODE = YES;
				CLANG_WARN__DUPLICATE_METHOD_MATCH = YES;
				COPY_PHASE_STRIP = NO;
				DEBUG_INFORMATION_FORMAT = "dwarf-with-dsym";
				ENABLE_NS_ASSERTIONS = NO;
				ENABLE_STRICT_OBJC_MSGSEND = YES;
				ENABLE_USER_SCRIPT_SANDBOXING = YES;
				GCC_C_LANGUAGE_STANDARD = gnu17;
				GCC_NO_COMMON_BLOCKS = YES;
				GCC_WARN_64_TO_32_BIT_CONVERSION = YES;
				GCC_WARN_ABOUT_RETURN_TYPE = YES_ERROR;
				GCC_WARN_UNDECLARED_SELECTOR = YES;
				GCC_WARN_UNINITIALIZED_AUTOS = YES_AGGRESSIVE;
				GCC_WARN_UNUSED_FUNCTION = YES;
				GCC_WARN_UNUSED_VARIABLE = YES;
				LOCALIZATION_PREFERS_STRING_CATALOGS = YES;
				MACOSX_DEPLOYMENT_TARGET = 14.1;
				MTL_ENABLE_DEBUG_INFO = NO;
				MTL_FAST_MATH = YES;
				SDKROOT = macosx;
			};
			name = Release;
		};
		651EFBF02B3F308C00620837 /* Debug */ = {
			isa = XCBuildConfiguration;
			buildSettings = {
				CODE_SIGN_STYLE = Automatic;
				HEADER_SEARCH_PATHS = (
					"\"$(SRCROOT)/glad/include\"/**",
					"\"$(SRCROOT)/glfw/include\"",
				);
				LIBRARY_SEARCH_PATHS = (
					"\"$(SRCROOT)/glfw/lib-x86_64\"",
					"$(PROJECT_DIR)/glfw/lib-x86_64",
				);
				PRODUCT_NAME = "$(TARGET_NAME)";
			};
			name = Debug;
		};
		651EFBF12B3F308C00620837 /* Release */ = {
			isa = XCBuildConfiguration;
			buildSettings = {
				CODE_SIGN_STYLE = Automatic;
				HEADER_SEARCH_PATHS = (
					"\"$(SRCROOT)/glad/include\"/**",
					"\"$(SRCROOT)/glfw/include\"",
				);
				LIBRARY_SEARCH_PATHS = (
					"\"$(SRCROOT)/glfw/lib-x86_64\"",
					"$(PROJECT_DIR)/glfw/lib-x86_64",
				);
				PRODUCT_NAME = "$(TARGET_NAME)";
			};
			name = Release;
		};
/* End XCBuildConfiguration section */

/* Begin XCConfigurationList section */
		651EFBE32B3F308C00620837 /* Build configuration list for PBXProject "OpenglLearn" */ = {
			isa = XCConfigurationList;
			buildConfigurations = (
				651EFBED2B3F308C00620837 /* Debug */,
				651EFBEE2B3F308C00620837 /* Release */,
			);
			defaultConfigurationIsVisible = 0;
			defaultConfigurationName = Release;
		};
		651EFBEF2B3F308C00620837 /* Build configuration list for PBXNativeTarget "OpenglLearn" */ = {
			isa = XCConfigurationList;
			buildConfigurations = (
				651EFBF02B3F308C00620837 /* Debug */,
				651EFBF12B3F308C00620837 /* Release */,
			);
			defaultConfigurationIsVisible = 0;
			defaultConfigurationName = Release;
		};
/* End XCConfigurationList section */
	};
	rootObject = 651EFBE02B3F308C00620837 /* Project object */;
}
